github.com/andlabs/ui v0.0.0-20200610043537-70a69d6ae31e h1:wSQCJiig/QkoUnpvelSPbLiZNWvh2yMqQTQvIQqSUkU=
github.com/andlabs/ui v0.0.0-20200610043537-70a69d6ae31e/go.mod h1:5G2EjwzgZUPnnReoKvPWVneT8APYbyKkihDVAHUi0II=
github.com/shawnmilo/girya v0.0.0-20180317163352-e05a536ad96f h1:iQDdPP4xMNZDsaj+7533Qpp02Ng/klGqC1keKv1o1Pk=
github.com/shawnmilo/girya v0.0.0-20180317163352-e05a536ad96f/go.mod h1:1K/oQZxGoo9HWGc4R3QOeGH1HlGjsiXOK2kroR3TaPY=
